{
  "requires": true,
  "lockfileVersion": 1,
  "dependencies": {
    "@fullcalendar/core": {
      "version": "6.1.5",
      "resolved": "https://registry.npmjs.org/@fullcalendar/core/-/core-6.1.5.tgz",
      "integrity": "sha512-U3ZJy1JGAgvyXG4iLWvTW4osbkt5Fj9gmbU1B+RyRhiqwXGE0F329sX7kqLTzj3QI1IPzyq6xnJfWUIsAe7+qw==",
      "requires": {
        "preact": "~10.12.1"
      }
    },
    "@fullcalendar/daygrid": {
      "version": "6.1.5",
      "resolved": "https://registry.npmjs.org/@fullcalendar/daygrid/-/daygrid-6.1.5.tgz",
      "integrity": "sha512-wXQUNPOyEQ1FEHVdtxP/tLcAAGwY4zeFejujhcznhKC751X8voInF+7kFmI7GDTVgX9cd72Muku3c+gHi8ygEQ=="
    },
    "@fullcalendar/interaction": {
      "version": "6.1.5",
      "resolved": "https://registry.npmjs.org/@fullcalendar/interaction/-/interaction-6.1.5.tgz",
      "integrity": "sha512-7U+WsysSlgVSkWqyjLnE6dVKUk2I7sGZN0zcadSfvL2e3KzD30BKgz78p6LRayW2Trtyf/7rZEe1k064ELd0+Q=="
    },
    "preact": {
      "version": "10.12.1",
      "resolved": "https://registry.npmjs.org/preact/-/preact-10.12.1.tgz",
      "integrity": "sha512-l8386ixSsBdbreOAkqtrwqHwdvR35ID8c3rKPa8lCWuO86dBi32QWHV4vfsZK1utLLFMvw+Z5Ad4XLkZzchscg=="
    }
  }
}
